# @generated - this file is auto-generated by `mise lock` https://mise.en.dev/dev-tools/mise-lock.html

[[tools.copilot]]
version = "1.0.47-0"
backend = "aqua:github/copilot-cli"

[tools.copilot."platforms.linux-arm64"]
checksum = "sha256:5949997ca4242143d650bb4d017d7ae84e1a98c2ed9448b4783b0085d54f940e"
url = "https://github.com/github/copilot-cli/releases/download/v1.0.47-0/copilot-linux-arm64.tar.gz"

[tools.copilot."platforms.linux-arm64-musl"]
checksum = "sha256:5949997ca4242143d650bb4d017d7ae84e1a98c2ed9448b4783b0085d54f940e"
url = "https://github.com/github/copilot-cli/releases/download/v1.0.47-0/copilot-linux-arm64.tar.gz"

[tools.copilot."platforms.linux-x64"]
checksum = "sha256:2241a67d9cb683b27acdf176c2aee6317cc8a9797c34f6b433ed33c7c1eef685"
url = "https://github.com/github/copilot-cli/releases/download/v1.0.47-0/copilot-linux-x64.tar.gz"

[tools.copilot."platforms.linux-x64-musl"]
checksum = "sha256:2241a67d9cb683b27acdf176c2aee6317cc8a9797c34f6b433ed33c7c1eef685"
url = "https://github.com/github/copilot-cli/releases/download/v1.0.47-0/copilot-linux-x64.tar.gz"

[tools.copilot."platforms.macos-arm64"]
checksum = "sha256:b715cec3686b03560533a909ffc55ab484f8badf6111b6db8d2b9a2cca0e2629"
url = "https://github.com/github/copilot-cli/releases/download/v1.0.47-0/copilot-darwin-arm64.tar.gz"

[tools.copilot."platforms.macos-x64"]
checksum = "sha256:1d971d69343d3e9f3298870450fed292edd03be266a5fa494483bc30682ab9e7"
url = "https://github.com/github/copilot-cli/releases/download/v1.0.47-0/copilot-darwin-x64.tar.gz"

[tools.copilot."platforms.windows-x64"]
checksum = "sha256:c29986ffc4df0afe9967a10783cbbbbc9a41679adb99a004d09812f17e6c5719"
url = "https://github.com/github/copilot-cli/releases/download/v1.0.47-0/copilot-win32-x64.zip"

[[tools.delta]]
version = "0.19.2"
backend = "aqua:dandavison/delta"

[tools.delta."platforms.linux-arm64"]
checksum = "sha256:0bfce159a5cddd5feb3d6db4a616d883ff51253ce08ac7ec11cb1d208cfaab9e"
url = "https://github.com/dandavison/delta/releases/download/0.19.2/delta-0.19.2-aarch64-unknown-linux-gnu.tar.gz"

[tools.delta."platforms.linux-x64"]
checksum = "sha256:f1ea01ca7728ce3462debc359f39dfc7cbbc1a63224b71fefabf92042864aa1b"
url = "https://github.com/dandavison/delta/releases/download/0.19.2/delta-0.19.2-x86_64-unknown-linux-musl.tar.gz"

[tools.delta."platforms.macos-arm64"]
checksum = "sha256:9be36612a5a13e9e386dc498fb8e50dc87c72ee42b63db0ea05b32f99a72a69a"
url = "https://github.com/dandavison/delta/releases/download/0.19.2/delta-0.19.2-aarch64-apple-darwin.tar.gz"

[tools.delta."platforms.windows-x64"]
checksum = "sha256:ac8ebb4a9f1cbee8b9ea897ba119808a244181adae6f3bed1f3b6b923c50b557"
url = "https://github.com/dandavison/delta/releases/download/0.19.2/delta-0.19.2-x86_64-pc-windows-msvc.zip"

[[tools.direnv]]
version = "2.37.1"
backend = "aqua:direnv/direnv"

[tools.direnv."platforms.linux-arm64"]
checksum = "sha256:2a9cef8d73521d6a3ec3f2871c4b747b8c4cc038628c1b57a7efa42b393a2d82"
url = "https://github.com/direnv/direnv/releases/download/v2.37.1/direnv.linux-arm64"

[tools.direnv."platforms.linux-x64"]
checksum = "sha256:1f1b93dd6f38523fde26dfac96151ef9d31a374e3005cd3345fb93555ae0c9b5"
url = "https://github.com/direnv/direnv/releases/download/v2.37.1/direnv.linux-amd64"

[tools.direnv."platforms.macos-arm64"]
checksum = "sha256:4f569f3a36732bfd8b8fea7bfcc6ad87a59745c109022164d0ca4832451d5369"
url = "https://github.com/direnv/direnv/releases/download/v2.37.1/direnv.darwin-arm64"

[tools.direnv."platforms.macos-x64"]
checksum = "sha256:24fb9ce48b563d7e9fbdd3a4e3e836941654a31ce3e67eba9eaafc3dcd8ae73b"
url = "https://github.com/direnv/direnv/releases/download/v2.37.1/direnv.darwin-amd64"

[tools.direnv."platforms.windows-x64"]
checksum = "sha256:d96fc8b7cf020c2d4c1dbbc2ccec5fd1cab05b51c491f02c8527a7fa6c50a1cd"
url = "https://github.com/direnv/direnv/releases/download/v2.37.1/direnv.windows-amd64"

[[tools.fd]]
version = "10.4.2"
backend = "aqua:sharkdp/fd"

[[tools."gitlab:graphviz/graphviz"]]
version = "14.1.1"
backend = "gitlab:graphviz/graphviz"

[tools."gitlab:graphviz/graphviz"."platforms.windows-x64"]
checksum = "blake3:293757e5c8d8e3a6bd43b3b3030dc7371b8931fb4c0ee1dcac9a1a435292edb0"
url = "https://gitlab.com/api/v4/projects/4207231/packages/generic/graphviz-releases/14.1.1/msys2_3.6.5-0eeda3e1.x86_64_Graphviz-14.1.1-win64.zip"
url_api = "https://gitlab.com/api/v4/projects/4207231/packages/generic/graphviz-releases/14.1.1/msys2_3.6.5-0eeda3e1.x86_64_Graphviz-14.1.1-win64.zip"

[[tools.httpie-go]]
version = "0.7.0"
backend = "aqua:nojima/httpie-go"

[tools.httpie-go."platforms.linux-x64"]
checksum = "blake3:507e5f421809e9f95134e141826f27d888f2fc8eb2f8515ebf7e2d48c2935080"
url = "https://github.com/nojima/httpie-go/releases/download/v0.7.0/httpie-go_linux_amd64"

[tools.httpie-go."platforms.linux-x64-musl"]
url = "https://github.com/nojima/httpie-go/releases/download/v0.7.0/httpie-go_linux_amd64"

[tools.httpie-go."platforms.macos-arm64"]
url = "https://github.com/nojima/httpie-go/releases/download/v0.7.0/httpie-go_darwin_amd64"

[tools.httpie-go."platforms.macos-x64"]
url = "https://github.com/nojima/httpie-go/releases/download/v0.7.0/httpie-go_darwin_amd64"

[tools.httpie-go."platforms.windows-x64"]
url = "https://github.com/nojima/httpie-go/releases/download/v0.7.0/httpie-go_windows_amd64.exe"

[[tools.hurl]]
version = "8.0.1"
backend = "aqua:Orange-OpenSource/hurl"

[tools.hurl."platforms.linux-arm64"]
checksum = "sha256:bc4732df4754748e9bf296aa3832ec019f798afb399f1279b72ed37b6e04525c"
url = "https://github.com/Orange-OpenSource/hurl/releases/download/8.0.1/hurl-8.0.1-aarch64-unknown-linux-gnu.tar.gz"

[tools.hurl."platforms.linux-arm64-musl"]
checksum = "sha256:bc4732df4754748e9bf296aa3832ec019f798afb399f1279b72ed37b6e04525c"
url = "https://github.com/Orange-OpenSource/hurl/releases/download/8.0.1/hurl-8.0.1-aarch64-unknown-linux-gnu.tar.gz"

[tools.hurl."platforms.linux-x64"]
checksum = "sha256:cac7c4670d69444db120edb21fe06c97ba8c80dcc52279957c8dd18f05fb0c06"
url = "https://github.com/Orange-OpenSource/hurl/releases/download/8.0.1/hurl-8.0.1-x86_64-unknown-linux-gnu.tar.gz"

[tools.hurl."platforms.linux-x64-musl"]
checksum = "sha256:cac7c4670d69444db120edb21fe06c97ba8c80dcc52279957c8dd18f05fb0c06"
url = "https://github.com/Orange-OpenSource/hurl/releases/download/8.0.1/hurl-8.0.1-x86_64-unknown-linux-gnu.tar.gz"

[tools.hurl."platforms.macos-arm64"]
checksum = "sha256:b57928e246617df73cb1b2157f31f507dcbde6ae12e828cc53dde0e40e05bbbb"
url = "https://github.com/Orange-OpenSource/hurl/releases/download/8.0.1/hurl-8.0.1-aarch64-apple-darwin.tar.gz"

[tools.hurl."platforms.macos-x64"]
checksum = "sha256:55e95bb7a8d61ae6919eaaf96f260f0836f5b34c1b0f7731e38be803f6984367"
url = "https://github.com/Orange-OpenSource/hurl/releases/download/8.0.1/hurl-8.0.1-x86_64-apple-darwin.tar.gz"

[tools.hurl."platforms.windows-x64"]
checksum = "sha256:2bb8c64ea3dbde464b92432cedd48aaa0fafdff4a39cb9c05c271c306bc8f124"
url = "https://github.com/Orange-OpenSource/hurl/releases/download/8.0.1/hurl-8.0.1-x86_64-pc-windows-msvc.zip"

[[tools.node]]
version = "25.9.0"
backend = "core:node"

[[tools."npm:llm-checker"]]
version = "3.5.15"
backend = "npm:llm-checker"

[[tools."npm:yepanywhere"]]
version = "0.4.28"
backend = "npm:yepanywhere"

[[tools.ollama]]
version = "0.21.1"
backend = "aqua:ollama/ollama"

[tools.ollama."platforms.linux-arm64"]
checksum = "sha256:57c1ed3362405464a49fc8efa75e4da3e3a6d41a5122543ed6f80216d055f58b"
url = "https://github.com/ollama/ollama/releases/download/v0.21.1/ollama-linux-arm64.tar.zst"

[tools.ollama."platforms.linux-arm64-musl"]
checksum = "sha256:57c1ed3362405464a49fc8efa75e4da3e3a6d41a5122543ed6f80216d055f58b"
url = "https://github.com/ollama/ollama/releases/download/v0.21.1/ollama-linux-arm64.tar.zst"

[tools.ollama."platforms.linux-x64"]
checksum = "sha256:528acc42750f755ce57b13b8138419ceac953b6fd488045f73dc1e80246da480"
url = "https://github.com/ollama/ollama/releases/download/v0.21.1/ollama-linux-amd64.tar.zst"

[tools.ollama."platforms.linux-x64-musl"]
checksum = "sha256:528acc42750f755ce57b13b8138419ceac953b6fd488045f73dc1e80246da480"
url = "https://github.com/ollama/ollama/releases/download/v0.21.1/ollama-linux-amd64.tar.zst"

[tools.ollama."platforms.macos-arm64"]
checksum = "sha256:869b708add1d24d96af937d4a06c1190dac81b5fbdf2eac8024bdaec8bf6cf36"
url = "https://github.com/ollama/ollama/releases/download/v0.21.1/ollama-darwin.tgz"

[tools.ollama."platforms.macos-x64"]
checksum = "sha256:869b708add1d24d96af937d4a06c1190dac81b5fbdf2eac8024bdaec8bf6cf36"
url = "https://github.com/ollama/ollama/releases/download/v0.21.1/ollama-darwin.tgz"

[tools.ollama."platforms.windows-x64"]
checksum = "sha256:0649b11ec03d04da448a85ec46b84519f55e5e60b36d0bb82b776564c1ba2866"
url = "https://github.com/ollama/ollama/releases/download/v0.21.1/ollama-windows-amd64.zip"

[[tools."pipx:git-filter-repo"]]
version = "2.47.0"
backend = "pipx:git-filter-repo"

[[tools.pre-commit]]
version = "4.5.1"
backend = "aqua:pre-commit/pre-commit"

[tools.pre-commit."platforms.windows-x64"]
checksum = "sha256:19d00ba35cbf9c04dc3736cd8bb641e8633f3eddd4cedde71809574ae68a2cd1"
url = "https://github.com/pre-commit/pre-commit/releases/download/v4.5.1/pre-commit-4.5.1.pyz"

[[tools.python]]
version = "3.13.12"
backend = "core:python"

[[tools.ruff]]
version = "0.14.11"
backend = "aqua:astral-sh/ruff"

[tools.ruff."platforms.windows-x64"]
checksum = "sha256:e254f04e054e095215b8f74d5cdb7288f2d3f226bdc42b35cd44751fc7a55b2d"
url = "https://github.com/astral-sh/ruff/releases/download/0.14.11/ruff-x86_64-pc-windows-msvc.zip"

[[tools.sops]]
version = "3.11.0"
backend = "aqua:getsops/sops"

[tools.sops."platforms.windows-x64"]
checksum = "sha256:f3d74d83006954f0d8cf770ad7e5380504270ded5a62f33eb2548ce5461af3b3"
url = "https://github.com/getsops/sops/releases/download/v3.11.0/sops-v3.11.0.amd64.exe"

[[tools.ttyd]]
version = "1.7.7"
backend = "aqua:tsl0922/ttyd"

[tools.ttyd."platforms.windows-x64"]
checksum = "blake3:df05a650c384310511ba1dddd85a9d8d43d3de187d3c3396b15797da542d5ae9"
url = "https://github.com/tsl0922/ttyd/releases/download/1.7.7/ttyd.win32.exe"

[[tools."ubi:graphviz/graphviz"]]
version = "13.0.1"
backend = "ubi:graphviz/graphviz[exe=dot,matching=win64,provider=gitlab]"

[tools."ubi:graphviz/graphviz".options]
exe = "dot"
matching = "win64"
provider = "gitlab"

[[tools.uv]]
version = "0.11.7"
backend = "aqua:astral-sh/uv"
