[[tools."gitlab:graphviz/graphviz"]]
version = "14.1.1"
backend = "gitlab:graphviz/graphviz"
"platforms.windows-x64" = { checksum = "blake3:293757e5c8d8e3a6bd43b3b3030dc7371b8931fb4c0ee1dcac9a1a435292edb0", url = "https://gitlab.com/api/v4/projects/4207231/packages/generic/graphviz-releases/14.1.1/msys2_3.6.5-0eeda3e1.x86_64_Graphviz-14.1.1-win64.zip", url_api = "https://gitlab.com/api/v4/projects/4207231/packages/generic/graphviz-releases/14.1.1/msys2_3.6.5-0eeda3e1.x86_64_Graphviz-14.1.1-win64.zip"}

[[tools.node]]
version = "25.3.0"
backend = "core:node"
"platforms.linux-arm64" = { checksum = "sha256:8098e098dc91ec3bf98035eeebff8d9b3e46fb9e14c1e8c377986f76e0b8368f", url = "https://nodejs.org/dist/v25.3.0/node-v25.3.0-linux-arm64.tar.gz"}
"platforms.linux-x64" = { checksum = "sha256:cc91362eb9a009efa26117c39c7bd55fe130123f01cf60d300b8b57e9501c27c", url = "https://nodejs.org/dist/v25.3.0/node-v25.3.0-linux-x64.tar.gz"}
"platforms.macos-arm64" = { checksum = "sha256:d80f384c182971724a7aa819173084e1d8244338fa8e9271a1961d38274d7209", url = "https://nodejs.org/dist/v25.3.0/node-v25.3.0-darwin-arm64.tar.gz"}
"platforms.macos-x64" = { checksum = "sha256:d6d494e5deca973556e146555cdd29b927b0adb3cae2f234b8e1a92310657c39", url = "https://nodejs.org/dist/v25.3.0/node-v25.3.0-darwin-x64.tar.gz"}
"platforms.windows-x64" = { checksum = "sha256:3c138ba2cd835b1af70ae2813422f544b2e786bdff8c0885ffb89fb7d407148e", url = "https://nodejs.org/dist/v25.3.0/node-v25.3.0-win-x64.zip"}

[[tools.ollama]]
version = "0.13.5"
backend = "aqua:ollama/ollama"
"platforms.windows-x64" = { checksum = "sha256:086ca4e303ab44b232246f5d268e3b4f05e5d91856e4ac645c3e2f8268ea20a8", url = "https://github.com/ollama/ollama/releases/download/v0.13.5/ollama-windows-amd64.zip"}

[[tools.pre-commit]]
version = "4.5.1"
backend = "aqua:pre-commit/pre-commit"
"platforms.windows-x64" = { checksum = "sha256:19d00ba35cbf9c04dc3736cd8bb641e8633f3eddd4cedde71809574ae68a2cd1", url = "https://github.com/pre-commit/pre-commit/releases/download/v4.5.1/pre-commit-4.5.1.pyz"}

[[tools.python]]
version = "3.13.12"
backend = "core:python"
"platforms.linux-arm64" = { checksum = "sha256:207c5504dfd2627949be652f2740bddab5ba6e6bea6ce45de9db1858f67c9b42", url = "https://github.com/astral-sh/python-build-standalone/releases/download/20260303/cpython-3.13.12+20260303-aarch64-unknown-linux-gnu-install_only_stripped.tar.gz"}
"platforms.linux-x64" = { checksum = "sha256:4ecfaffe0db6d4363c2bca7a40f017c56fdad1f399d6218b7ddc1f47f071ffc6", url = "https://github.com/astral-sh/python-build-standalone/releases/download/20260303/cpython-3.13.12+20260303-x86_64-unknown-linux-gnu-install_only_stripped.tar.gz"}
"platforms.macos-arm64" = { checksum = "sha256:0103ab534b93472b1e2036fbb127a0dd4df73f437a4d8d7ce6fbe7e3d1f4fbbd", url = "https://github.com/astral-sh/python-build-standalone/releases/download/20260303/cpython-3.13.12+20260303-aarch64-apple-darwin-install_only_stripped.tar.gz"}
"platforms.macos-x64" = { checksum = "sha256:ca97cdd8338716dac48204f1b33e51ec4f072eeeb91cecdb9ea3bfecae1c538a", url = "https://github.com/astral-sh/python-build-standalone/releases/download/20260303/cpython-3.13.12+20260303-x86_64-apple-darwin-install_only_stripped.tar.gz"}
"platforms.windows-x64" = { checksum = "sha256:eb1e212b97b001efc1281bb01fd26ca1ecdfe9ef2875b52c58d39e9719ab75df", url = "https://github.com/astral-sh/python-build-standalone/releases/download/20260303/cpython-3.13.12+20260303-x86_64-pc-windows-msvc-install_only_stripped.tar.gz"}

[[tools.ruff]]
version = "0.14.11"
backend = "aqua:astral-sh/ruff"
"platforms.windows-x64" = { checksum = "sha256:e254f04e054e095215b8f74d5cdb7288f2d3f226bdc42b35cd44751fc7a55b2d", url = "https://github.com/astral-sh/ruff/releases/download/0.14.11/ruff-x86_64-pc-windows-msvc.zip"}

[[tools.sops]]
version = "3.11.0"
backend = "aqua:getsops/sops"
"platforms.windows-x64" = { checksum = "sha256:f3d74d83006954f0d8cf770ad7e5380504270ded5a62f33eb2548ce5461af3b3", url = "https://github.com/getsops/sops/releases/download/v3.11.0/sops-v3.11.0.amd64.exe"}

[[tools.ttyd]]
version = "1.7.7"
backend = "aqua:tsl0922/ttyd"
"platforms.windows-x64" = { checksum = "blake3:df05a650c384310511ba1dddd85a9d8d43d3de187d3c3396b15797da542d5ae9", url = "https://github.com/tsl0922/ttyd/releases/download/1.7.7/ttyd.win32.exe"}

[[tools."ubi:graphviz/graphviz"]]
version = "13.0.1"
backend = "ubi:graphviz/graphviz[exe=dot,matching=win64,provider=gitlab]"

[tools."ubi:graphviz/graphviz".options]
exe = "dot"
matching = "win64"
provider = "gitlab"

[[tools.uv]]
version = "0.9.24"
backend = "aqua:astral-sh/uv"
"platforms.windows-x64" = { checksum = "sha256:cf9d6fa12017199d19c6f9a8f7f55811c8c04d70681b8cb6d89ffb179f08cf1f", url = "https://github.com/astral-sh/uv/releases/download/0.9.24/uv-x86_64-pc-windows-msvc.zip"}
